// !$*UTF8*$!
{
	archiveVersion = 1;
	classes = {
	};
	objectVersion = 46;
	objects = {

/* Begin PBXBuildFile section */
		D03323831A154D6A00D8E5BE /* main.m in Sources */ = {isa = PBXBuildFile; fileRef = D03323821A154D6A00D8E5BE /* main.m */; };
		D03323861A154D6A00D8E5BE /* AppDelegate.m in Sources */ = {isa = PBXBuildFile; fileRef = D03323851A154D6A00D8E5BE /* AppDelegate.m */; };
		D03323891A154D6A00D8E5BE /* Segue.xcdatamodeld in Sources */ = {isa = PBXBuildFile; fileRef = D03323871A154D6A00D8E5BE /* Segue.xcdatamodeld */; };
		D033238C1A154D6A00D8E5BE /* MasterViewController.m in Sources */ = {isa = PBXBuildFile; fileRef = D033238B1A154D6A00D8E5BE /* MasterViewController.m */; };
		D033238F1A154D6A00D8E5BE /* DetailViewController.m in Sources */ = {isa = PBXBuildFile; fileRef = D033238E1A154D6A00D8E5BE /* DetailViewController.m */; };
		D03323921A154D6A00D8E5BE /* Main.storyboard in Resources */ = {isa = PBXBuildFile; fileRef = D03323901A154D6A00D8E5BE /* Main.storyboard */; };
		D03323941A154D6A00D8E5BE /* Images.xcassets in Resources */ = {isa = PBXBuildFile; fileRef = D03323931A154D6A00D8E5BE /* Images.xcassets */; };
		D03323971A154D6A00D8E5BE /* LaunchScreen.xib in Resources */ = {isa = PBXBuildFile; fileRef = D03323951A154D6A00D8E5BE /* LaunchScreen.xib */; };
		D03323A31A154D6A00D8E5BE /* SegueTests.m in Sources */ = {isa = PBXBuildFile; fileRef = D03323A21A154D6A00D8E5BE /* SegueTests.m */; };
		D03323AE1A154E1800D8E5BE /* NewDetailViewController.m in Sources */ = {isa = PBXBuildFile; fileRef = D03323AD1A154E1800D8E5BE /* NewDetailViewController.m */; };
/* End PBXBuildFile section */

/* Begin PBXContainerItemProxy section */
		D033239D1A154D6A00D8E5BE /* PBXContainerItemProxy */ = {
			isa = PBXContainerItemProxy;
			containerPortal = D03323751A154D6A00D8E5BE /* Project object */;
			proxyType = 1;
			remoteGlobalIDString = D033237C1A154D6A00D8E5BE;
			remoteInfo = Segue;
		};
/* End PBXContainerItemProxy section */

/* Begin PBXFileReference section */
		D033237D1A154D6A00D8E5BE /* Segue.app */ = {isa = PBXFileReference; explicitFileType = wrapper.application; includeInIndex = 0; path = Segue.app; sourceTree = BUILT_PRODUCTS_DIR; };
		D03323811A154D6A00D8E5BE /* Info.plist */ = {isa = PBXFileReference; lastKnownFileType = text.plist.xml; path = Info.plist; sourceTree = "<group>"; };
		D03323821A154D6A00D8E5BE /* main.m */ = {isa = PBXFileReference; lastKnownFileType = sourcecode.c.objc; path = main.m; sourceTree = "<group>"; };
		D03323841A154D6A00D8E5BE /* AppDelegate.h */ = {isa = PBXFileReference; lastKnownFileType = sourcecode.c.h; path = AppDelegate.h; sourceTree = "<group>"; };
		D03323851A154D6A00D8E5BE /* AppDelegate.m */ = {isa = PBXFileReference; lastKnownFileType = sourcecode.c.objc; path = AppDelegate.m; sourceTree = "<group>"; };
		D03323881A154D6A00D8E5BE /* Segue.xcdatamodel */ = {isa = PBXFileReference; lastKnownFileType = wrapper.xcdatamodel; path = Segue.xcdatamodel; sourceTree = "<group>"; };
		D033238A1A154D6A00D8E5BE /* MasterViewController.h */ = {isa = PBXFileReference; lastKnownFileType = sourcecode.c.h; path = MasterViewController.h; sourceTree = "<group>"; };
		D033238B1A154D6A00D8E5BE /* MasterViewController.m */ = {isa = PBXFileReference; lastKnownFileType = sourcecode.c.objc; path = MasterViewController.m; sourceTree = "<group>"; };
		D033238D1A154D6A00D8E5BE /* DetailViewController.h */ = {isa = PBXFileReference; lastKnownFileType = sourcecode.c.h; path = DetailViewController.h; sourceTree = "<group>"; };
		D033238E1A154D6A00D8E5BE /* DetailViewController.m */ = {isa = PBXFileReference; lastKnownFileType = sourcecode.c.objc; path = DetailViewController.m; sourceTree = "<group>"; };
		D03323911A154D6A00D8E5BE /* Base */ = {isa = PBXFileReference; lastKnownFileType = file.storyboard; name = Base; path = Base.lproj/Main.storyboard; sourceTree = "<group>"; };
		D03323931A154D6A00D8E5BE /* Images.xcassets */ = {isa = PBXFileReference; lastKnownFileType = folder.assetcatalog; path = Images.xcassets; sourceTree = "<group>"; };
		D03323961A154D6A00D8E5BE /* Base */ = {isa = PBXFileReference; lastKnownFileType = file.xib; name = Base; path = Base.lproj/LaunchScreen.xib; sourceTree = "<group>"; };
		D033239C1A154D6A00D8E5BE /* SegueTests.xctest */ = {isa = PBXFileReference; explicitFileType = wrapper.cfbundle; includeInIndex = 0; path = SegueTests.xctest; sourceTree = BUILT_PRODUCTS_DIR; };
		D03323A11A154D6A00D8E5BE /* Info.plist */ = {isa = PBXFileReference; lastKnownFileType = text.plist.xml; path = Info.plist; sourceTree = "<group>"; };
		D03323A21A154D6A00D8E5BE /* SegueTests.m */ = {isa = PBXFileReference; lastKnownFileType = sourcecode.c.objc; path = SegueTests.m; sourceTree = "<group>"; };
		D03323AC1A154E1800D8E5BE /* NewDetailViewController.h */ = {isa = PBXFileReference; fileEncoding = 4; lastKnownFileType = sourcecode.c.h; path = NewDetailViewController.h; sourceTree = "<group>"; };
		D03323AD1A154E1800D8E5BE /* NewDetailViewController.m */ = {isa = PBXFileReference; fileEncoding = 4; lastKnownFileType = sourcecode.c.objc; path = NewDetailViewController.m; sourceTree = "<group>"; };
/* End PBXFileReference section */

/* Begin PBXFrameworksBuildPhase section */
		D033237A1A154D6A00D8E5BE /* Frameworks */ = {
			isa = PBXFrameworksBuildPhase;
			buildActionMask = 2147483647;
			files = (
			);
			runOnlyForDeploymentPostprocessing = 0;
		};
		D03323991A154D6A00D8E5BE /* Frameworks */ = {
			isa = PBXFrameworksBuildPhase;
			buildActionMask = 2147483647;
			files = (
			);
			runOnlyForDeploymentPostprocessing = 0;
		};
/* End PBXFrameworksBuildPhase section */

/* Begin PBXGroup section */
		D03323741A154D6A00D8E5BE = {
			isa = PBXGroup;
			children = (
				D033237F1A154D6A00D8E5BE /* Segue */,
				D033239F1A154D6A00D8E5BE /* SegueTests */,
				D033237E1A154D6A00D8E5BE /* Products */,
			);
			sourceTree = "<group>";
		};
		D033237E1A154D6A00D8E5BE /* Products */ = {
			isa = PBXGroup;
			children = (
				D033237D1A154D6A00D8E5BE /* Segue.app */,
				D033239C1A154D6A00D8E5BE /* SegueTests.xctest */,
			);
			name = Products;
			sourceTree = "<group>";
		};
		D033237F1A154D6A00D8E5BE /* Segue */ = {
			isa = PBXGroup;
			children = (
				D03323841A154D6A00D8E5BE /* AppDelegate.h */,
				D03323851A154D6A00D8E5BE /* AppDelegate.m */,
				D033238A1A154D6A00D8E5BE /* MasterViewController.h */,
				D033238B1A154D6A00D8E5BE /* MasterViewController.m */,
				D033238D1A154D6A00D8E5BE /* DetailViewController.h */,
				D033238E1A154D6A00D8E5BE /* DetailViewController.m */,
				D03323901A154D6A00D8E5BE /* Main.storyboard */,
				D03323931A154D6A00D8E5BE /* Images.xcassets */,
				D03323951A154D6A00D8E5BE /* LaunchScreen.xib */,
				D03323871A154D6A00D8E5BE /* Segue.xcdatamodeld */,
				D03323801A154D6A00D8E5BE /* Supporting Files */,
				D03323AC1A154E1800D8E5BE /* NewDetailViewController.h */,
				D03323AD1A154E1800D8E5BE /* NewDetailViewController.m */,
			);
			path = Segue;
			sourceTree = "<group>";
		};
		D03323801A154D6A00D8E5BE /* Supporting Files */ = {
			isa = PBXGroup;
			children = (
				D03323811A154D6A00D8E5BE /* Info.plist */,
				D03323821A154D6A00D8E5BE /* main.m */,
			);
			name = "Supporting Files";
			sourceTree = "<group>";
		};
		D033239F1A154D6A00D8E5BE /* SegueTests */ = {
			isa = PBXGroup;
			children = (
				D03323A21A154D6A00D8E5BE /* SegueTests.m */,
				D03323A01A154D6A00D8E5BE /* Supporting Files */,
			);
			path = SegueTests;
			sourceTree = "<group>";
		};
		D03323A01A154D6A00D8E5BE /* Supporting Files */ = {
			isa = PBXGroup;
			children = (
				D03323A11A154D6A00D8E5BE /* Info.plist */,
			);
			name = "Supporting Files";
			sourceTree = "<group>";
		};
/* End PBXGroup section */

/* Begin PBXNativeTarget section */
		D033237C1A154D6A00D8E5BE /* Segue */ = {
			isa = PBXNativeTarget;
			buildConfigurationList = D03323A61A154D6A00D8E5BE /* Build configuration list for PBXNativeTarget "Segue" */;
			buildPhases = (
				D03323791A154D6A00D8E5BE /* Sources */,
				D033237A1A154D6A00D8E5BE /* Frameworks */,
				D033237B1A154D6A00D8E5BE /* Resources */,
			);
			buildRules = (
			);
			dependencies = (
			);
			name = Segue;
			productName = Segue;
			productReference = D033237D1A154D6A00D8E5BE /* Segue.app */;
			productType = "com.apple.product-type.application";
		};
		D033239B1A154D6A00D8E5BE /* SegueTests */ = {
			isa = PBXNativeTarget;
			buildConfigurationList = D03323A91A154D6A00D8E5BE /* Build configuration list for PBXNativeTarget "SegueTests" */;
			buildPhases = (
				D03323981A154D6A00D8E5BE /* Sources */,
				D03323991A154D6A00D8E5BE /* Frameworks */,
				D033239A1A154D6A00D8E5BE /* Resources */,
			);
			buildRules = (
			);
			dependencies = (
				D033239E1A154D6A00D8E5BE /* PBXTargetDependency */,
			);
			name = SegueTests;
			productName = SegueTests;
			productReference = D033239C1A154D6A00D8E5BE /* SegueTests.xctest */;
			productType = "com.apple.product-type.bundle.unit-test";
		};
/* End PBXNativeTarget section */

/* Begin PBXProject section */
		D03323751A154D6A00D8E5BE /* Project object */ = {
			isa = PBXProject;
			attributes = {
				LastUpgradeCheck = 0610;
				ORGANIZATIONNAME = "Daniel Platt";
				TargetAttributes = {
					D033237C1A154D6A00D8E5BE = {
						CreatedOnToolsVersion = 6.1;
					};
					D033239B1A154D6A00D8E5BE = {
						CreatedOnToolsVersion = 6.1;
						TestTargetID = D033237C1A154D6A00D8E5BE;
					};
				};
			};
			buildConfigurationList = D03323781A154D6A00D8E5BE /* Build configuration list for PBXProject "Segue" */;
			compatibilityVersion = "Xcode 3.2";
			developmentRegion = English;
			hasScannedForEncodings = 0;
			knownRegions = (
				en,
				Base,
			);
			mainGroup = D03323741A154D6A00D8E5BE;
			productRefGroup = D033237E1A154D6A00D8E5BE /* Products */;
			projectDirPath = "";
			projectRoot = "";
			targets = (
				D033237C1A154D6A00D8E5BE /* Segue */,
				D033239B1A154D6A00D8E5BE /* SegueTests */,
			);
		};
/* End PBXProject section */

/* Begin PBXResourcesBuildPhase section */
		D033237B1A154D6A00D8E5BE /* Resources */ = {
			isa = PBXResourcesBuildPhase;
			buildActionMask = 2147483647;
			files = (
				D03323921A154D6A00D8E5BE /* Main.storyboard in Resources */,
				D03323971A154D6A00D8E5BE /* LaunchScreen.xib in Resources */,
				D03323941A154D6A00D8E5BE /* Images.xcassets in Resources */,
			);
			runOnlyForDeploymentPostprocessing = 0;
		};
		D033239A1A154D6A00D8E5BE /* Resources */ = {
			isa = PBXResourcesBuildPhase;
			buildActionMask = 2147483647;
			files = (
			);
			runOnlyForDeploymentPostprocessing = 0;
		};
/* End PBXResourcesBuildPhase section */

/* Begin PBXSourcesBuildPhase section */
		D03323791A154D6A00D8E5BE /* Sources */ = {
			isa = PBXSourcesBuildPhase;
			buildActionMask = 2147483647;
			files = (
				D033238F1A154D6A00D8E5BE /* DetailViewController.m in Sources */,
				D033238C1A154D6A00D8E5BE /* MasterViewController.m in Sources */,
				D03323861A154D6A00D8E5BE /* AppDelegate.m in Sources */,
				D03323831A154D6A00D8E5BE /* main.m in Sources */,
				D03323AE1A154E1800D8E5BE /* NewDetailViewController.m in Sources */,
				D03323891A154D6A00D8E5BE /* Segue.xcdatamodeld in Sources */,
			);
			runOnlyForDeploymentPostprocessing = 0;
		};
		D03323981A154D6A00D8E5BE /* Sources */ = {
			isa = PBXSourcesBuildPhase;
			buildActionMask = 2147483647;
			files = (
				D03323A31A154D6A00D8E5BE /* SegueTests.m in Sources */,
			);
			runOnlyForDeploymentPostprocessing = 0;
		};
/* End PBXSourcesBuildPhase section */

/* Begin PBXTargetDependency section */
		D033239E1A154D6A00D8E5BE /* PBXTargetDependency */ = {
			isa = PBXTargetDependency;
			target = D033237C1A154D6A00D8E5BE /* Segue */;
			targetProxy = D033239D1A154D6A00D8E5BE /* PBXContainerItemProxy */;
		};
/* End PBXTargetDependency section */

/* Begin PBXVariantGroup section */
		D03323901A154D6A00D8E5BE /* Main.storyboard */ = {
			isa = PBXVariantGroup;
			children = (
				D03323911A154D6A00D8E5BE /* Base */,
			);
			name = Main.storyboard;
			sourceTree = "<group>";
		};
		D03323951A154D6A00D8E5BE /* LaunchScreen.xib */ = {
			isa = PBXVariantGroup;
			children = (
				D03323961A154D6A00D8E5BE /* Base */,
			);
			name = LaunchScreen.xib;
			sourceTree = "<group>";
		};
/* End PBXVariantGroup section */

/* Begin XCBuildConfiguration section */
		D03323A41A154D6A00D8E5BE /* Debug */ = {
			isa = XCBuildConfiguration;
			buildSettings = {
				ALWAYS_SEARCH_USER_PATHS = NO;
				CLANG_CXX_LANGUAGE_STANDARD = "gnu++0x";
				CLANG_CXX_LIBRARY = "libc++";
				CLANG_ENABLE_MODULES = YES;
				CLANG_ENABLE_OBJC_ARC = YES;
				CLANG_WARN_BOOL_CONVERSION = YES;
				CLANG_WARN_CONSTANT_CONVERSION = YES;
				CLANG_WARN_DIRECT_OBJC_ISA_USAGE = YES_ERROR;
				CLANG_WARN_EMPTY_BODY = YES;
				CLANG_WARN_ENUM_CONVERSION = YES;
				CLANG_WARN_INT_CONVERSION = YES;
				CLANG_WARN_OBJC_ROOT_CLASS = YES_ERROR;
				CLANG_WARN_UNREACHABLE_CODE = YES;
				CLANG_WARN__DUPLICATE_METHOD_MATCH = YES;
				"CODE_SIGN_IDENTITY[sdk=iphoneos*]" = "iPhone Developer";
				COPY_PHASE_STRIP = NO;
				ENABLE_STRICT_OBJC_MSGSEND = YES;
				GCC_C_LANGUAGE_STANDARD = gnu99;
				GCC_DYNAMIC_NO_PIC = NO;
				GCC_OPTIMIZATION_LEVEL = 0;
				GCC_PREPROCESSOR_DEFINITIONS = (
					"DEBUG=1",
					"$(inherited)",
				);
				GCC_SYMBOLS_PRIVATE_EXTERN = NO;
				GCC_WARN_64_TO_32_BIT_CONVERSION = YES;
				GCC_WARN_ABOUT_RETURN_TYPE = YES_ERROR;
				GCC_WARN_UNDECLARED_SELECTOR = YES;
				GCC_WARN_UNINITIALIZED_AUTOS = YES_AGGRESSIVE;
				GCC_WARN_UNUSED_FUNCTION = YES;
				GCC_WARN_UNUSED_VARIABLE = YES;
				IPHONEOS_DEPLOYMENT_TARGET = 8.1;
				MTL_ENABLE_DEBUG_INFO = YES;
				ONLY_ACTIVE_ARCH = YES;
				SDKROOT = iphoneos;
				TARGETED_DEVICE_FAMILY = "1,2";
			};
			name = Debug;
		};
		D03323A51A154D6A00D8E5BE /* Release */ = {
			isa = XCBuildConfiguration;
			buildSettings = {
				ALWAYS_SEARCH_USER_PATHS = NO;
				CLANG_CXX_LANGUAGE_STANDARD = "gnu++0x";
				CLANG_CXX_LIBRARY = "libc++";
				CLANG_ENABLE_MODULES = YES;
				CLANG_ENABLE_OBJC_ARC = YES;
				CLANG_WARN_BOOL_CONVERSION = YES;
				CLANG_WARN_CONSTANT_CONVERSION = YES;
				CLANG_WARN_DIRECT_OBJC_ISA_USAGE = YES_ERROR;
				CLANG_WARN_EMPTY_BODY = YES;
				CLANG_WARN_ENUM_CONVERSION = YES;
				CLANG_WARN_INT_CONVERSION = YES;
				CLANG_WARN_OBJC_ROOT_CLASS = YES_ERROR;
				CLANG_WARN_UNREACHABLE_CODE = YES;
				CLANG_WARN__DUPLICATE_METHOD_MATCH = YES;
				"CODE_SIGN_IDENTITY[sdk=iphoneos*]" = "iPhone Developer";
				COPY_PHASE_STRIP = YES;
				ENABLE_NS_ASSERTIONS = NO;
				ENABLE_STRICT_OBJC_MSGSEND = YES;
				GCC_C_LANGUAGE_STANDARD = gnu99;
				GCC_WARN_64_TO_32_BIT_CONVERSION = YES;
				GCC_WARN_ABOUT_RETURN_TYPE = YES_ERROR;
				GCC_WARN_UNDECLARED_SELECTOR = YES;
				GCC_WARN_UNINITIALIZED_AUTOS = YES_AGGRESSIVE;
				GCC_WARN_UNUSED_FUNCTION = YES;
				GCC_WARN_UNUSED_VARIABLE = YES;
				IPHONEOS_DEPLOYMENT_TARGET = 8.1;
				MTL_ENABLE_DEBUG_INFO = NO;
				SDKROOT = iphoneos;
				TARGETED_DEVICE_FAMILY = "1,2";
				VALIDATE_PRODUCT = YES;
			};
			name = Release;
		};
		D03323A71A154D6A00D8E5BE /* Debug */ = {
			isa = XCBuildConfiguration;
			buildSettings = {
				ASSETCATALOG_COMPILER_APPICON_NAME = AppIcon;
				INFOPLIST_FILE = Segue/Info.plist;
				LD_RUNPATH_SEARCH_PATHS = "$(inherited) @executable_path/Frameworks";
				PRODUCT_NAME = "$(TARGET_NAME)";
			};
			name = Debug;
		};
		D03323A81A154D6A00D8E5BE /* Release */ = {
			isa = XCBuildConfiguration;
			buildSettings = {
				ASSETCATALOG_COMPILER_APPICON_NAME = AppIcon;
				INFOPLIST_FILE = Segue/Info.plist;
				LD_RUNPATH_SEARCH_PATHS = "$(inherited) @executable_path/Frameworks";
				PRODUCT_NAME = "$(TARGET_NAME)";
			};
			name = Release;
		};
		D03323AA1A154D6A00D8E5BE /* Debug */ = {
			isa = XCBuildConfiguration;
			buildSettings = {
				BUNDLE_LOADER = "$(TEST_HOST)";
				FRAMEWORK_SEARCH_PATHS = (
					"$(SDKROOT)/Developer/Library/Frameworks",
					"$(inherited)",
				);
				GCC_PREPROCESSOR_DEFINITIONS = (
					"DEBUG=1",
					"$(inherited)",
				);
				INFOPLIST_FILE = SegueTests/Info.plist;
				LD_RUNPATH_SEARCH_PATHS = "$(inherited) @executable_path/Frameworks @loader_path/Frameworks";
				PRODUCT_NAME = "$(TARGET_NAME)";
				TEST_HOST = "$(BUILT_PRODUCTS_DIR)/Segue.app/Segue";
			};
			name = Debug;
		};
		D03323AB1A154D6A00D8E5BE /* Release */ = {
			isa = XCBuildConfiguration;
			buildSettings = {
				BUNDLE_LOADER = "$(TEST_HOST)";
				FRAMEWORK_SEARCH_PATHS = (
					"$(SDKROOT)/Developer/Library/Frameworks",
					"$(inherited)",
				);
				INFOPLIST_FILE = SegueTests/Info.plist;
				LD_RUNPATH_SEARCH_PATHS = "$(inherited) @executable_path/Frameworks @loader_path/Frameworks";
				PRODUCT_NAME = "$(TARGET_NAME)";
				TEST_HOST = "$(BUILT_PRODUCTS_DIR)/Segue.app/Segue";
			};
			name = Release;
		};
/* End XCBuildConfiguration section */

/* Begin XCConfigurationList section */
		D03323781A154D6A00D8E5BE /* Build configuration list for PBXProject "Segue" */ = {
			isa = XCConfigurationList;
			buildConfigurations = (
				D03323A41A154D6A00D8E5BE /* Debug */,
				D03323A51A154D6A00D8E5BE /* Release */,
			);
			defaultConfigurationIsVisible = 0;
			defaultConfigurationName = Release;
		};
		D03323A61A154D6A00D8E5BE /* Build configuration list for PBXNativeTarget "Segue" */ = {
			isa = XCConfigurationList;
			buildConfigurations = (
				D03323A71A154D6A00D8E5BE /* Debug */,
				D03323A81A154D6A00D8E5BE /* Release */,
			);
			defaultConfigurationIsVisible = 0;
			defaultConfigurationName = Release;
		};
		D03323A91A154D6A00D8E5BE /* Build configuration list for PBXNativeTarget "SegueTests" */ = {
			isa = XCConfigurationList;
			buildConfigurations = (
				D03323AA1A154D6A00D8E5BE /* Debug */,
				D03323AB1A154D6A00D8E5BE /* Release */,
			);
			defaultConfigurationIsVisible = 0;
			defaultConfigurationName = Release;
		};
/* End XCConfigurationList section */

/* Begin XCVersionGroup section */
		D03323871A154D6A00D8E5BE /* Segue.xcdatamodeld */ = {
			isa = XCVersionGroup;
			children = (
				D03323881A154D6A00D8E5BE /* Segue.xcdatamodel */,
			);
			currentVersion = D03323881A154D6A00D8E5BE /* Segue.xcdatamodel */;
			path = Segue.xcdatamodeld;
			sourceTree = "<group>";
			versionGroupType = wrapper.xcdatamodel;
		};
/* End XCVersionGroup section */
	};
	rootObject = D03323751A154D6A00D8E5BE /* Project object */;
}
